// !$*UTF8*$!
{
	archiveVersion = 1;
	classes = {
	};
	objectVersion = 77;
	objects = {

/* Begin PBXBuildFile section */
		3128497E2E68066100554BD1 /* GoogleService-Info.plist in Resources */ = {isa = PBXBuildFile; fileRef = 3128497D2E68066100554BD1 /* GoogleService-Info.plist */; };
		312849842E680C5400554BD1 /* FirebaseAnalytics in Frameworks */ = {isa = PBXBuildFile; productRef = 312849832E680C5400554BD1 /* FirebaseAnalytics */; };
		312849862E680C5400554BD1 /* FirebaseAuth in Frameworks */ = {isa = PBXBuildFile; productRef = 312849852E680C5400554BD1 /* FirebaseAuth */; };
		312849882E680C5400554BD1 /* FirebaseDatabase in Frameworks */ = {isa = PBXBuildFile; productRef = 312849872E680C5400554BD1 /* FirebaseDatabase */; };
		3128498A2E680CDF00554BD1 /* FirebaseCore in Frameworks */ = {isa = PBXBuildFile; productRef = 312849892E680CDF00554BD1 /* FirebaseCore */; };
		3128498C2E680CF000554BD1 /* GoogleSignIn in Frameworks */ = {isa = PBXBuildFile; productRef = 3128498B2E680CF000554BD1 /* GoogleSignIn */; };
		3128498E2E680CF000554BD1 /* GoogleSignInSwift in Frameworks */ = {isa = PBXBuildFile; productRef = 3128498D2E680CF000554BD1 /* GoogleSignInSwift */; };
		312849902E680D5000554BD1 /* FirebaseFirestore in Frameworks */ = {isa = PBXBuildFile; productRef = 3128498F2E680D5000554BD1 /* FirebaseFirestore */; };
		312849922E6E2D7700554BD1 /* FirebaseStorage in Frameworks */ = {isa = PBXBuildFile; productRef = 312849912E6E2D7700554BD1 /* FirebaseStorage */; };
		312849942E6E339000554BD1 /* FirebaseMessaging in Frameworks */ = {isa = PBXBuildFile; productRef = 312849932E6E339000554BD1 /* FirebaseMessaging */; };
		31DED1CA2E600E8D001DBBB9 /* WidgetKit.framework in Frameworks */ = {isa = PBXBuildFile; fileRef = 31DED1C92E600E8D001DBBB9 /* WidgetKit.framework */; };
		31DED1CC2E600E8D001DBBB9 /* SwiftUI.framework in Frameworks */ = {isa = PBXBuildFile; fileRef = 31DED1CB2E600E8D001DBBB9 /* SwiftUI.framework */; };
		31DED1DD2E600E8E001DBBB9 /* PurgoWidgetsExtension.appex in Embed Foundation Extensions */ = {isa = PBXBuildFile; fileRef = 31DED1C72E600E8D001DBBB9 /* PurgoWidgetsExtension.appex */; settings = {ATTRIBUTES = (RemoveHeadersOnCopy, ); }; };
/* End PBXBuildFile section */

/* Begin PBXContainerItemProxy section */
		31DED1832E600662001DBBB9 /* PBXContainerItemProxy */ = {
			isa = PBXContainerItemProxy;
			containerPortal = 31DED16C2E600661001DBBB9 /* Project object */;
			proxyType = 1;
			remoteGlobalIDString = 31DED1732E600661001DBBB9;
			remoteInfo = Purgo;
		};
		31DED18D2E600662001DBBB9 /* PBXContainerItemProxy */ = {
			isa = PBXContainerItemProxy;
			containerPortal = 31DED16C2E600661001DBBB9 /* Project object */;
			proxyType = 1;
			remoteGlobalIDString = 31DED1732E600661001DBBB9;
			remoteInfo = Purgo;
		};
		31DED1DB2E600E8E001DBBB9 /* PBXContainerItemProxy */ = {
			isa = PBXContainerItemProxy;
			containerPortal = 31DED16C2E600661001DBBB9 /* Project object */;
			proxyType = 1;
			remoteGlobalIDString = 31DED1C62E600E8D001DBBB9;
			remoteInfo = PurgoWidgetsExtension;
		};
/* End PBXContainerItemProxy section */

/* Begin PBXCopyFilesBuildPhase section */
		312849F62E7106EE00554BD1 /* Embed Watch Content */ = {
			isa = PBXCopyFilesBuildPhase;
			buildActionMask = 2147483647;
			dstPath = "$(CONTENTS_FOLDER_PATH)/Watch";
			dstSubfolderSpec = 16;
			files = (
			);
			name = "Embed Watch Content";
			runOnlyForDeploymentPostprocessing = 0;
		};
		31DED1E22E600E8E001DBBB9 /* Embed Foundation Extensions */ = {
			isa = PBXCopyFilesBuildPhase;
			buildActionMask = 2147483647;
			dstPath = "";
			dstSubfolderSpec = 13;
			files = (
				31DED1DD2E600E8E001DBBB9 /* PurgoWidgetsExtension.appex in Embed Foundation Extensions */,
			);
			name = "Embed Foundation Extensions";
			runOnlyForDeploymentPostprocessing = 0;
		};
/* End PBXCopyFilesBuildPhase section */

/* Begin PBXFileReference section */
		3128497D2E68066100554BD1 /* GoogleService-Info.plist */ = {isa = PBXFileReference; lastKnownFileType = text.plist.xml; path = "GoogleService-Info.plist"; sourceTree = "<group>"; };
		31DED1742E600661001DBBB9 /* Purgo.app */ = {isa = PBXFileReference; explicitFileType = wrapper.application; includeInIndex = 0; path = Purgo.app; sourceTree = BUILT_PRODUCTS_DIR; };
		31DED1822E600662001DBBB9 /* PurgoTests.xctest */ = {isa = PBXFileReference; explicitFileType = wrapper.cfbundle; includeInIndex = 0; path = PurgoTests.xctest; sourceTree = BUILT_PRODUCTS_DIR; };
		31DED18C2E600662001DBBB9 /* PurgoUITests.xctest */ = {isa = PBXFileReference; explicitFileType = wrapper.cfbundle; includeInIndex = 0; path = PurgoUITests.xctest; sourceTree = BUILT_PRODUCTS_DIR; };
		31DED1C72E600E8D001DBBB9 /* PurgoWidgetsExtension.appex */ = {isa = PBXFileReference; explicitFileType = "wrapper.app-extension"; includeInIndex = 0; path = PurgoWidgetsExtension.appex; sourceTree = BUILT_PRODUCTS_DIR; };
		31DED1C92E600E8D001DBBB9 /* WidgetKit.framework */ = {isa = PBXFileReference; lastKnownFileType = wrapper.framework; name = WidgetKit.framework; path = System/Library/Frameworks/WidgetKit.framework; sourceTree = SDKROOT; };
		31DED1CB2E600E8D001DBBB9 /* SwiftUI.framework */ = {isa = PBXFileReference; lastKnownFileType = wrapper.framework; name = SwiftUI.framework; path = System/Library/Frameworks/SwiftUI.framework; sourceTree = SDKROOT; };
/* End PBXFileReference section */

/* Begin PBXFileSystemSynchronizedBuildFileExceptionSet section */
		31DED1C02E600B10001DBBB9 /* Exceptions for "Purgo" folder in "Purgo" target */ = {
			isa = PBXFileSystemSynchronizedBuildFileExceptionSet;
			membershipExceptions = (
				Info.plist,
			);
			target = 31DED1732E600661001DBBB9 /* Purgo */;
		};
		31DED1E12E600E8E001DBBB9 /* Exceptions for "PurgoWidgets" folder in "PurgoWidgetsExtension" target */ = {
			isa = PBXFileSystemSynchronizedBuildFileExceptionSet;
			membershipExceptions = (
				Info.plist,
			);
			target = 31DED1C62E600E8D001DBBB9 /* PurgoWidgetsExtension */;
		};
/* End PBXFileSystemSynchronizedBuildFileExceptionSet section */

/* Begin PBXFileSystemSynchronizedRootGroup section */
		312849D72E7106ED00554BD1 /* PurgoWatch Watch App */ = {
			isa = PBXFileSystemSynchronizedRootGroup;
			path = "PurgoWatch Watch App";
			sourceTree = "<group>";
		};
		312849E52E7106EE00554BD1 /* PurgoWatch Watch AppTests */ = {
			isa = PBXFileSystemSynchronizedRootGroup;
			path = "PurgoWatch Watch AppTests";
			sourceTree = "<group>";
		};
		312849EF2E7106EE00554BD1 /* PurgoWatch Watch AppUITests */ = {
			isa = PBXFileSystemSynchronizedRootGroup;
			path = "PurgoWatch Watch AppUITests";
			sourceTree = "<group>";
		};
		31DED1762E600661001DBBB9 /* Purgo */ = {
			isa = PBXFileSystemSynchronizedRootGroup;
			exceptions = (
				31DED1C02E600B10001DBBB9 /* Exceptions for "Purgo" folder in "Purgo" target */,
			);
			path = Purgo;
			sourceTree = "<group>";
		};
		31DED1852E600662001DBBB9 /* PurgoTests */ = {
			isa = PBXFileSystemSynchronizedRootGroup;
			path = PurgoTests;
			sourceTree = "<group>";
		};
		31DED18F2E600662001DBBB9 /* PurgoUITests */ = {
			isa = PBXFileSystemSynchronizedRootGroup;
			path = PurgoUITests;
			sourceTree = "<group>";
		};
		31DED1CD2E600E8D001DBBB9 /* PurgoWidgets */ = {
			isa = PBXFileSystemSynchronizedRootGroup;
			exceptions = (
				31DED1E12E600E8E001DBBB9 /* Exceptions for "PurgoWidgets" folder in "PurgoWidgetsExtension" target */,
			);
			path = PurgoWidgets;
			sourceTree = "<group>";
		};
/* End PBXFileSystemSynchronizedRootGroup section */

/* Begin PBXFrameworksBuildPhase section */
		31DED1712E600661001DBBB9 /* Frameworks */ = {
			isa = PBXFrameworksBuildPhase;
			buildActionMask = 2147483647;
			files = (
				312849942E6E339000554BD1 /* FirebaseMessaging in Frameworks */,
				3128498C2E680CF000554BD1 /* GoogleSignIn in Frameworks */,
				312849882E680C5400554BD1 /* FirebaseDatabase in Frameworks */,
				312849842E680C5400554BD1 /* FirebaseAnalytics in Frameworks */,
				3128498E2E680CF000554BD1 /* GoogleSignInSwift in Frameworks */,
				3128498A2E680CDF00554BD1 /* FirebaseCore in Frameworks */,
				312849922E6E2D7700554BD1 /* FirebaseStorage in Frameworks */,
				312849862E680C5400554BD1 /* FirebaseAuth in Frameworks */,
				312849902E680D5000554BD1 /* FirebaseFirestore in Frameworks */,
			);
			runOnlyForDeploymentPostprocessing = 0;
		};
		31DED17F2E600662001DBBB9 /* Frameworks */ = {
			isa = PBXFrameworksBuildPhase;
			buildActionMask = 2147483647;
			files = (
			);
			runOnlyForDeploymentPostprocessing = 0;
		};
		31DED1892E600662001DBBB9 /* Frameworks */ = {
			isa = PBXFrameworksBuildPhase;
			buildActionMask = 2147483647;
			files = (
			);
			runOnlyForDeploymentPostprocessing = 0;
		};
		31DED1C42E600E8D001DBBB9 /* Frameworks */ = {
			isa = PBXFrameworksBuildPhase;
			buildActionMask = 2147483647;
			files = (
				31DED1CC2E600E8D001DBBB9 /* SwiftUI.framework in Frameworks */,
				31DED1CA2E600E8D001DBBB9 /* WidgetKit.framework in Frameworks */,
			);
			runOnlyForDeploymentPostprocessing = 0;
		};
/* End PBXFrameworksBuildPhase section */

/* Begin PBXGroup section */
		31DED16B2E600661001DBBB9 = {
			isa = PBXGroup;
			children = (
				31DED1762E600661001DBBB9 /* Purgo */,
				31DED1852E600662001DBBB9 /* PurgoTests */,
				31DED18F2E600662001DBBB9 /* PurgoUITests */,
				31DED1CD2E600E8D001DBBB9 /* PurgoWidgets */,
				312849D72E7106ED00554BD1 /* PurgoWatch Watch App */,
				312849E52E7106EE00554BD1 /* PurgoWatch Watch AppTests */,
				312849EF2E7106EE00554BD1 /* PurgoWatch Watch AppUITests */,
				31DED1C82E600E8D001DBBB9 /* Frameworks */,
				31DED1752E600661001DBBB9 /* Products */,
				3128497D2E68066100554BD1 /* GoogleService-Info.plist */,
			);
			sourceTree = "<group>";
		};
		31DED1752E600661001DBBB9 /* Products */ = {
			isa = PBXGroup;
			children = (
				31DED1742E600661001DBBB9 /* Purgo.app */,
				31DED1822E600662001DBBB9 /* PurgoTests.xctest */,
				31DED18C2E600662001DBBB9 /* PurgoUITests.xctest */,
				31DED1C72E600E8D001DBBB9 /* PurgoWidgetsExtension.appex */,
			);
			name = Products;
			sourceTree = "<group>";
		};
		31DED1C82E600E8D001DBBB9 /* Frameworks */ = {
			isa = PBXGroup;
			children = (
				31DED1C92E600E8D001DBBB9 /* WidgetKit.framework */,
				31DED1CB2E600E8D001DBBB9 /* SwiftUI.framework */,
			);
			name = Frameworks;
			sourceTree = "<group>";
		};
/* End PBXGroup section */

/* Begin PBXNativeTarget section */
		31DED1732E600661001DBBB9 /* Purgo */ = {
			isa = PBXNativeTarget;
			buildConfigurationList = 31DED1962E600662001DBBB9 /* Build configuration list for PBXNativeTarget "Purgo" */;
			buildPhases = (
				31DED1702E600661001DBBB9 /* Sources */,
				31DED1712E600661001DBBB9 /* Frameworks */,
				31DED1722E600661001DBBB9 /* Resources */,
				31DED1E22E600E8E001DBBB9 /* Embed Foundation Extensions */,
				312849F62E7106EE00554BD1 /* Embed Watch Content */,
			);
			buildRules = (
			);
			dependencies = (
				31DED1DC2E600E8E001DBBB9 /* PBXTargetDependency */,
			);
			fileSystemSynchronizedGroups = (
				31DED1762E600661001DBBB9 /* Purgo */,
			);
			name = Purgo;
			packageProductDependencies = (
				312849832E680C5400554BD1 /* FirebaseAnalytics */,
				312849852E680C5400554BD1 /* FirebaseAuth */,
				312849872E680C5400554BD1 /* FirebaseDatabase */,
				312849892E680CDF00554BD1 /* FirebaseCore */,
				3128498B2E680CF000554BD1 /* GoogleSignIn */,
				3128498D2E680CF000554BD1 /* GoogleSignInSwift */,
				3128498F2E680D5000554BD1 /* FirebaseFirestore */,
				312849912E6E2D7700554BD1 /* FirebaseStorage */,
				312849932E6E339000554BD1 /* FirebaseMessaging */,
			);
			productName = Purgo;
			productReference = 31DED1742E600661001DBBB9 /* Purgo.app */;
			productType = "com.apple.product-type.application";
		};
		31DED1812E600662001DBBB9 /* PurgoTests */ = {
			isa = PBXNativeTarget;
			buildConfigurationList = 31DED1992E600662001DBBB9 /* Build configuration list for PBXNativeTarget "PurgoTests" */;
			buildPhases = (
				31DED17E2E600662001DBBB9 /* Sources */,
				31DED17F2E600662001DBBB9 /* Frameworks */,
				31DED1802E600662001DBBB9 /* Resources */,
			);
			buildRules = (
			);
			dependencies = (
				31DED1842E600662001DBBB9 /* PBXTargetDependency */,
			);
			fileSystemSynchronizedGroups = (
				31DED1852E600662001DBBB9 /* PurgoTests */,
			);
			name = PurgoTests;
			packageProductDependencies = (
			);
			productName = PurgoTests;
			productReference = 31DED1822E600662001DBBB9 /* PurgoTests.xctest */;
			productType = "com.apple.product-type.bundle.unit-test";
		};
		31DED18B2E600662001DBBB9 /* PurgoUITests */ = {
			isa = PBXNativeTarget;
			buildConfigurationList = 31DED19C2E600662001DBBB9 /* Build configuration list for PBXNativeTarget "PurgoUITests" */;
			buildPhases = (
				31DED1882E600662001DBBB9 /* Sources */,
				31DED1892E600662001DBBB9 /* Frameworks */,
				31DED18A2E600662001DBBB9 /* Resources */,
			);
			buildRules = (
			);
			dependencies = (
				31DED18E2E600662001DBBB9 /* PBXTargetDependency */,
			);
			fileSystemSynchronizedGroups = (
				31DED18F2E600662001DBBB9 /* PurgoUITests */,
			);
			name = PurgoUITests;
			packageProductDependencies = (
			);
			productName = PurgoUITests;
			productReference = 31DED18C2E600662001DBBB9 /* PurgoUITests.xctest */;
			productType = "com.apple.product-type.bundle.ui-testing";
		};
		31DED1C62E600E8D001DBBB9 /* PurgoWidgetsExtension */ = {
			isa = PBXNativeTarget;
			buildConfigurationList = 31DED1DE2E600E8E001DBBB9 /* Build configuration list for PBXNativeTarget "PurgoWidgetsExtension" */;
			buildPhases = (
				31DED1C32E600E8D001DBBB9 /* Sources */,
				31DED1C42E600E8D001DBBB9 /* Frameworks */,
				31DED1C52E600E8D001DBBB9 /* Resources */,
			);
			buildRules = (
			);
			dependencies = (
			);
			fileSystemSynchronizedGroups = (
				31DED1CD2E600E8D001DBBB9 /* PurgoWidgets */,
			);
			name = PurgoWidgetsExtension;
			packageProductDependencies = (
			);
			productName = PurgoWidgetsExtension;
			productReference = 31DED1C72E600E8D001DBBB9 /* PurgoWidgetsExtension.appex */;
			productType = "com.apple.product-type.app-extension";
		};
/* End PBXNativeTarget section */

/* Begin PBXProject section */
		31DED16C2E600661001DBBB9 /* Project object */ = {
			isa = PBXProject;
			attributes = {
				BuildIndependentTargetsInParallel = 1;
				LastSwiftUpdateCheck = 1630;
				LastUpgradeCheck = 1630;
				TargetAttributes = {
					31DED1732E600661001DBBB9 = {
						CreatedOnToolsVersion = 16.3;
					};
					31DED1812E600662001DBBB9 = {
						CreatedOnToolsVersion = 16.3;
						TestTargetID = 31DED1732E600661001DBBB9;
					};
					31DED18B2E600662001DBBB9 = {
						CreatedOnToolsVersion = 16.3;
						TestTargetID = 31DED1732E600661001DBBB9;
					};
					31DED1C62E600E8D001DBBB9 = {
						CreatedOnToolsVersion = 16.3;
					};
				};
			};
			buildConfigurationList = 31DED16F2E600661001DBBB9 /* Build configuration list for PBXProject "Purgo" */;
			developmentRegion = en;
			hasScannedForEncodings = 0;
			knownRegions = (
				en,
				Base,
			);
			mainGroup = 31DED16B2E600661001DBBB9;
			minimizedProjectReferenceProxies = 1;
			packageReferences = (
				3128497F2E6806B200554BD1 /* XCRemoteSwiftPackageReference "firebase-ios-sdk" */,
				312849802E6806CE00554BD1 /* XCRemoteSwiftPackageReference "GoogleSignIn-iOS" */,
			);
			preferredProjectObjectVersion = 77;
			productRefGroup = 31DED1752E600661001DBBB9 /* Products */;
			projectDirPath = "";
			projectRoot = "";
			targets = (
				31DED1732E600661001DBBB9 /* Purgo */,
				31DED1812E600662001DBBB9 /* PurgoTests */,
				31DED18B2E600662001DBBB9 /* PurgoUITests */,
				31DED1C62E600E8D001DBBB9 /* PurgoWidgetsExtension */,
			);
		};
/* End PBXProject section */

/* Begin PBXResourcesBuildPhase section */
		31DED1722E600661001DBBB9 /* Resources */ = {
			isa = PBXResourcesBuildPhase;
			buildActionMask = 2147483647;
			files = (
				3128497E2E68066100554BD1 /* GoogleService-Info.plist in Resources */,
			);
			runOnlyForDeploymentPostprocessing = 0;
		};
		31DED1802E600662001DBBB9 /* Resources */ = {
			isa = PBXResourcesBuildPhase;
			buildActionMask = 2147483647;
			files = (
			);
			runOnlyForDeploymentPostprocessing = 0;
		};
		31DED18A2E600662001DBBB9 /* Resources */ = {
			isa = PBXResourcesBuildPhase;
			buildActionMask = 2147483647;
			files = (
			);
			runOnlyForDeploymentPostprocessing = 0;
		};
		31DED1C52E600E8D001DBBB9 /* Resources */ = {
			isa = PBXResourcesBuildPhase;
			buildActionMask = 2147483647;
			files = (
			);
			runOnlyForDeploymentPostprocessing = 0;
		};
/* End PBXResourcesBuildPhase section */

/* Begin PBXSourcesBuildPhase section */
		31DED1702E600661001DBBB9 /* Sources */ = {
			isa = PBXSourcesBuildPhase;
			buildActionMask = 2147483647;
			files = (
			);
			runOnlyForDeploymentPostprocessing = 0;
		};
		31DED17E2E600662001DBBB9 /* Sources */ = {
			isa = PBXSourcesBuildPhase;
			buildActionMask = 2147483647;
			files = (
			);
			runOnlyForDeploymentPostprocessing = 0;
		};
		31DED1882E600662001DBBB9 /* Sources */ = {
			isa = PBXSourcesBuildPhase;
			buildActionMask = 2147483647;
			files = (
			);
			runOnlyForDeploymentPostprocessing = 0;
		};
		31DED1C32E600E8D001DBBB9 /* Sources */ = {
			isa = PBXSourcesBuildPhase;
			buildActionMask = 2147483647;
			files = (
			);
			runOnlyForDeploymentPostprocessing = 0;
		};
/* End PBXSourcesBuildPhase section */

/* Begin PBXTargetDependency section */
		31DED1842E600662001DBBB9 /* PBXTargetDependency */ = {
			isa = PBXTargetDependency;
			target = 31DED1732E600661001DBBB9 /* Purgo */;
			targetProxy = 31DED1832E600662001DBBB9 /* PBXContainerItemProxy */;
		};
		31DED18E2E600662001DBBB9 /* PBXTargetDependency */ = {
			isa = PBXTargetDependency;
			target = 31DED1732E600661001DBBB9 /* Purgo */;
			targetProxy = 31DED18D2E600662001DBBB9 /* PBXContainerItemProxy */;
		};
		31DED1DC2E600E8E001DBBB9 /* PBXTargetDependency */ = {
			isa = PBXTargetDependency;
			target = 31DED1C62E600E8D001DBBB9 /* PurgoWidgetsExtension */;
			targetProxy = 31DED1DB2E600E8E001DBBB9 /* PBXContainerItemProxy */;
		};
/* End PBXTargetDependency section */

/* Begin XCBuildConfiguration section */
		31DED1942E600662001DBBB9 /* Debug */ = {
			isa = XCBuildConfiguration;
			buildSettings = {
				ALWAYS_SEARCH_USER_PATHS = NO;
				ASSETCATALOG_COMPILER_GENERATE_SWIFT_ASSET_SYMBOL_EXTENSIONS = YES;
				CLANG_ANALYZER_NONNULL = YES;
				CLANG_ANALYZER_NUMBER_OBJECT_CONVERSION = YES_AGGRESSIVE;
				CLANG_CXX_LANGUAGE_STANDARD = "gnu++20";
				CLANG_ENABLE_MODULES = YES;
				CLANG_ENABLE_OBJC_ARC = YES;
				CLANG_ENABLE_OBJC_WEAK = YES;
				CLANG_WARN_BLOCK_CAPTURE_AUTORELEASING = YES;
				CLANG_WARN_BOOL_CONVERSION = YES;
				CLANG_WARN_COMMA = YES;
				CLANG_WARN_CONSTANT_CONVERSION = YES;
				CLANG_WARN_DEPRECATED_OBJC_IMPLEMENTATIONS = YES;
				CLANG_WARN_DIRECT_OBJC_ISA_USAGE = YES_ERROR;
				CLANG_WARN_DOCUMENTATION_COMMENTS = YES;
				CLANG_WARN_EMPTY_BODY = YES;
				CLANG_WARN_ENUM_CONVERSION = YES;
				CLANG_WARN_INFINITE_RECURSION = YES;
				CLANG_WARN_INT_CONVERSION = YES;
				CLANG_WARN_NON_LITERAL_NULL_CONVERSION = YES;
				CLANG_WARN_OBJC_IMPLICIT_RETAIN_SELF = YES;
				CLANG_WARN_OBJC_LITERAL_CONVERSION = YES;
				CLANG_WARN_OBJC_ROOT_CLASS = YES_ERROR;
				CLANG_WARN_QUOTED_INCLUDE_IN_FRAMEWORK_HEADER = YES;
				CLANG_WARN_RANGE_LOOP_ANALYSIS = YES;
				CLANG_WARN_STRICT_PROTOTYPES = YES;
				CLANG_WARN_SUSPICIOUS_MOVE = YES;
				CLANG_WARN_UNGUARDED_AVAILABILITY = YES_AGGRESSIVE;
				CLANG_WARN_UNREACHABLE_CODE = YES;
				CLANG_WARN__DUPLICATE_METHOD_MATCH = YES;
				COPY_PHASE_STRIP = NO;
				DEBUG_INFORMATION_FORMAT = dwarf;
				DEVELOPMENT_TEAM = SGGTQLJURG;
				ENABLE_STRICT_OBJC_MSGSEND = YES;
				ENABLE_TESTABILITY = YES;
				ENABLE_USER_SCRIPT_SANDBOXING = YES;
				GCC_C_LANGUAGE_STANDARD = gnu17;
				GCC_DYNAMIC_NO_PIC = NO;
				GCC_NO_COMMON_BLOCKS = YES;
				GCC_OPTIMIZATION_LEVEL = 0;
				GCC_PREPROCESSOR_DEFINITIONS = (
					"DEBUG=1",
					"$(inherited)",
				);
				GCC_WARN_64_TO_32_BIT_CONVERSION = YES;
				GCC_WARN_ABOUT_RETURN_TYPE = YES_ERROR;
				GCC_WARN_UNDECLARED_SELECTOR = YES;
				GCC_WARN_UNINITIALIZED_AUTOS = YES_AGGRESSIVE;
				GCC_WARN_UNUSED_FUNCTION = YES;
				GCC_WARN_UNUSED_VARIABLE = YES;
				LOCALIZATION_PREFERS_STRING_CATALOGS = YES;
				MTL_ENABLE_DEBUG_INFO = INCLUDE_SOURCE;
				MTL_FAST_MATH = YES;
				ONLY_ACTIVE_ARCH = YES;
				SWIFT_ACTIVE_COMPILATION_CONDITIONS = "DEBUG $(inherited)";
				SWIFT_OPTIMIZATION_LEVEL = "-Onone";
			};
			name = Debug;
		};
		31DED1952E600662001DBBB9 /* Release */ = {
			isa = XCBuildConfiguration;
			buildSettings = {
				ALWAYS_SEARCH_USER_PATHS = NO;
				ASSETCATALOG_COMPILER_GENERATE_SWIFT_ASSET_SYMBOL_EXTENSIONS = YES;
				CLANG_ANALYZER_NONNULL = YES;
				CLANG_ANALYZER_NUMBER_OBJECT_CONVERSION = YES_AGGRESSIVE;
				CLANG_CXX_LANGUAGE_STANDARD = "gnu++20";
				CLANG_ENABLE_MODULES = YES;
				CLANG_ENABLE_OBJC_ARC = YES;
				CLANG_ENABLE_OBJC_WEAK = YES;
				CLANG_WARN_BLOCK_CAPTURE_AUTORELEASING = YES;
				CLANG_WARN_BOOL_CONVERSION = YES;
				CLANG_WARN_COMMA = YES;
				CLANG_WARN_CONSTANT_CONVERSION = YES;
				CLANG_WARN_DEPRECATED_OBJC_IMPLEMENTATIONS = YES;
				CLANG_WARN_DIRECT_OBJC_ISA_USAGE = YES_ERROR;
				CLANG_WARN_DOCUMENTATION_COMMENTS = YES;
				CLANG_WARN_EMPTY_BODY = YES;
				CLANG_WARN_ENUM_CONVERSION = YES;
				CLANG_WARN_INFINITE_RECURSION = YES;
				CLANG_WARN_INT_CONVERSION = YES;
				CLANG_WARN_NON_LITERAL_NULL_CONVERSION = YES;
				CLANG_WARN_OBJC_IMPLICIT_RETAIN_SELF = YES;
				CLANG_WARN_OBJC_LITERAL_CONVERSION = YES;
				CLANG_WARN_OBJC_ROOT_CLASS = YES_ERROR;
				CLANG_WARN_QUOTED_INCLUDE_IN_FRAMEWORK_HEADER = YES;
				CLANG_WARN_RANGE_LOOP_ANALYSIS = YES;
				CLANG_WARN_STRICT_PROTOTYPES = YES;
				CLANG_WARN_SUSPICIOUS_MOVE = YES;
				CLANG_WARN_UNGUARDED_AVAILABILITY = YES_AGGRESSIVE;
				CLANG_WARN_UNREACHABLE_CODE = YES;
				CLANG_WARN__DUPLICATE_METHOD_MATCH = YES;
				COPY_PHASE_STRIP = NO;
				DEBUG_INFORMATION_FORMAT = "dwarf-with-dsym";
				DEVELOPMENT_TEAM = SGGTQLJURG;
				ENABLE_NS_ASSERTIONS = NO;
				ENABLE_STRICT_OBJC_MSGSEND = YES;
				ENABLE_USER_SCRIPT_SANDBOXING = YES;
				GCC_C_LANGUAGE_STANDARD = gnu17;
				GCC_NO_COMMON_BLOCKS = YES;
				GCC_WARN_64_TO_32_BIT_CONVERSION = YES;
				GCC_WARN_ABOUT_RETURN_TYPE = YES_ERROR;
				GCC_WARN_UNDECLARED_SELECTOR = YES;
				GCC_WARN_UNINITIALIZED_AUTOS = YES_AGGRESSIVE;
				GCC_WARN_UNUSED_FUNCTION = YES;
				GCC_WARN_UNUSED_VARIABLE = YES;
				LOCALIZATION_PREFERS_STRING_CATALOGS = YES;
				MTL_ENABLE_DEBUG_INFO = NO;
				MTL_FAST_MATH = YES;
				SWIFT_COMPILATION_MODE = wholemodule;
			};
			name = Release;
		};
		31DED1972E600662001DBBB9 /* Debug */ = {
			isa = XCBuildConfiguration;
			buildSettings = {
				ASSETCATALOG_COMPILER_APPICON_NAME = AppIcon;
				ASSETCATALOG_COMPILER_GLOBAL_ACCENT_COLOR_NAME = AccentColor;
				CODE_SIGN_ENTITLEMENTS = Purgo/Purgo.entitlements;
				CODE_SIGN_IDENTITY = "Apple Development";
				CODE_SIGN_STYLE = Automatic;
				CURRENT_PROJECT_VERSION = 1;
				DEVELOPMENT_TEAM = SGGTQLJURG;
				ENABLE_HARDENED_RUNTIME = YES;
				ENABLE_PREVIEWS = YES;
				GENERATE_INFOPLIST_FILE = NO;
				INFOPLIST_FILE = Purgo/Info.plist;
				INFOPLIST_KEY_CFBundleDisplayName = Purgo;
				INFOPLIST_KEY_LSApplicationCategoryType = "public.app-category.healthcare-fitness";
				"INFOPLIST_KEY_UIApplicationSceneManifest_Generation[sdk=iphoneos*]" = YES;
				"INFOPLIST_KEY_UIApplicationSceneManifest_Generation[sdk=iphonesimulator*]" = YES;
				"INFOPLIST_KEY_UIApplicationSupportsIndirectInputEvents[sdk=iphoneos*]" = YES;
				"INFOPLIST_KEY_UIApplicationSupportsIndirectInputEvents[sdk=iphonesimulator*]" = YES;
				"INFOPLIST_KEY_UILaunchScreen_Generation[sdk=iphoneos*]" = YES;
				"INFOPLIST_KEY_UILaunchScreen_Generation[sdk=iphonesimulator*]" = YES;
				"INFOPLIST_KEY_UIStatusBarStyle[sdk=iphoneos*]" = UIStatusBarStyleDefault;
				"INFOPLIST_KEY_UIStatusBarStyle[sdk=iphonesimulator*]" = UIStatusBarStyleDefault;
				INFOPLIST_KEY_UISupportedInterfaceOrientations_iPad = "UIInterfaceOrientationPortrait UIInterfaceOrientationPortraitUpsideDown UIInterfaceOrientationLandscapeLeft UIInterfaceOrientationLandscapeRight";
				INFOPLIST_KEY_UISupportedInterfaceOrientations_iPhone = "UIInterfaceOrientationPortrait UIInterfaceOrientationLandscapeLeft UIInterfaceOrientationLandscapeRight";
				IPHONEOS_DEPLOYMENT_TARGET = 18.4;
				LD_RUNPATH_SEARCH_PATHS = "@executable_path/Frameworks";
				"LD_RUNPATH_SEARCH_PATHS[sdk=macosx*]" = "@executable_path/../Frameworks";
				MACOSX_DEPLOYMENT_TARGET = 15.4;
				MARKETING_VERSION = 1.0;
				PRODUCT_BUNDLE_IDENTIFIER = com.arbenterprise.Purgo;
				PRODUCT_NAME = "$(TARGET_NAME)";
				PROVISIONING_PROFILE_SPECIFIER = "";
				REGISTER_APP_GROUPS = YES;
				SDKROOT = auto;
				SUPPORTED_PLATFORMS = "iphoneos iphonesimulator";
				SUPPORTS_MACCATALYST = NO;
				SWIFT_EMIT_LOC_STRINGS = YES;
				SWIFT_VERSION = 5.0;
				TARGETED_DEVICE_FAMILY = 1;
				XROS_DEPLOYMENT_TARGET = 2.4;
			};
			name = Debug;
		};
		31DED1982E600662001DBBB9 /* Release */ = {
			isa = XCBuildConfiguration;
			buildSettings = {
				ASSETCATALOG_COMPILER_APPICON_NAME = AppIcon;
				ASSETCATALOG_COMPILER_GLOBAL_ACCENT_COLOR_NAME = AccentColor;
				CODE_SIGN_ENTITLEMENTS = Purgo/Purgo.entitlements;
				CODE_SIGN_IDENTITY = "Apple Development";
				CODE_SIGN_STYLE = Automatic;
				CURRENT_PROJECT_VERSION = 1;
				DEVELOPMENT_TEAM = SGGTQLJURG;
				ENABLE_HARDENED_RUNTIME = YES;
				ENABLE_PREVIEWS = YES;
				GENERATE_INFOPLIST_FILE = NO;
				INFOPLIST_FILE = Purgo/Info.plist;
				INFOPLIST_KEY_CFBundleDisplayName = Purgo;
				INFOPLIST_KEY_LSApplicationCategoryType = "public.app-category.healthcare-fitness";
				"INFOPLIST_KEY_UIApplicationSceneManifest_Generation[sdk=iphoneos*]" = YES;
				"INFOPLIST_KEY_UIApplicationSceneManifest_Generation[sdk=iphonesimulator*]" = YES;
				"INFOPLIST_KEY_UIApplicationSupportsIndirectInputEvents[sdk=iphoneos*]" = YES;
				"INFOPLIST_KEY_UIApplicationSupportsIndirectInputEvents[sdk=iphonesimulator*]" = YES;
				"INFOPLIST_KEY_UILaunchScreen_Generation[sdk=iphoneos*]" = YES;
				"INFOPLIST_KEY_UILaunchScreen_Generation[sdk=iphonesimulator*]" = YES;
				"INFOPLIST_KEY_UIStatusBarStyle[sdk=iphoneos*]" = UIStatusBarStyleDefault;
				"INFOPLIST_KEY_UIStatusBarStyle[sdk=iphonesimulator*]" = UIStatusBarStyleDefault;
				INFOPLIST_KEY_UISupportedInterfaceOrientations_iPad = "UIInterfaceOrientationPortrait UIInterfaceOrientationPortraitUpsideDown UIInterfaceOrientationLandscapeLeft UIInterfaceOrientationLandscapeRight";
				INFOPLIST_KEY_UISupportedInterfaceOrientations_iPhone = "UIInterfaceOrientationPortrait UIInterfaceOrientationLandscapeLeft UIInterfaceOrientationLandscapeRight";
				IPHONEOS_DEPLOYMENT_TARGET = 18.4;
				LD_RUNPATH_SEARCH_PATHS = "@executable_path/Frameworks";
				"LD_RUNPATH_SEARCH_PATHS[sdk=macosx*]" = "@executable_path/../Frameworks";
				MACOSX_DEPLOYMENT_TARGET = 15.4;
				MARKETING_VERSION = 1.0;
				PRODUCT_BUNDLE_IDENTIFIER = com.arbenterprise.Purgo;
				PRODUCT_NAME = "$(TARGET_NAME)";
				PROVISIONING_PROFILE_SPECIFIER = "";
				REGISTER_APP_GROUPS = YES;
				SDKROOT = auto;
				SUPPORTED_PLATFORMS = "iphoneos iphonesimulator";
				SUPPORTS_MACCATALYST = NO;
				SWIFT_EMIT_LOC_STRINGS = YES;
				SWIFT_VERSION = 5.0;
				TARGETED_DEVICE_FAMILY = 1;
				XROS_DEPLOYMENT_TARGET = 2.4;
			};
			name = Release;
		};
		31DED19A2E600662001DBBB9 /* Debug */ = {
			isa = XCBuildConfiguration;
			buildSettings = {
				BUNDLE_LOADER = "$(TEST_HOST)";
				CODE_SIGN_STYLE = Automatic;
				CURRENT_PROJECT_VERSION = 1;
				DEVELOPMENT_TEAM = SGGTQLJURG;
				GENERATE_INFOPLIST_FILE = YES;
				IPHONEOS_DEPLOYMENT_TARGET = 18.4;
				MACOSX_DEPLOYMENT_TARGET = 15.4;
				MARKETING_VERSION = 1.0;
				PRODUCT_BUNDLE_IDENTIFIER = com.arbenterprise.PurgoTests;
				PRODUCT_NAME = "$(TARGET_NAME)";
				SDKROOT = auto;
				SUPPORTED_PLATFORMS = "iphoneos iphonesimulator macosx xros xrsimulator";
				SWIFT_EMIT_LOC_STRINGS = NO;
				SWIFT_VERSION = 5.0;
				TARGETED_DEVICE_FAMILY = "1,2,7";
				TEST_HOST = "$(BUILT_PRODUCTS_DIR)/Purgo.app/$(BUNDLE_EXECUTABLE_FOLDER_PATH)/Purgo";
				XROS_DEPLOYMENT_TARGET = 2.4;
			};
			name = Debug;
		};
		31DED19B2E600662001DBBB9 /* Release */ = {
			isa = XCBuildConfiguration;
			buildSettings = {
				BUNDLE_LOADER = "$(TEST_HOST)";
				CODE_SIGN_STYLE = Automatic;
				CURRENT_PROJECT_VERSION = 1;
				DEVELOPMENT_TEAM = SGGTQLJURG;
				GENERATE_INFOPLIST_FILE = YES;
				IPHONEOS_DEPLOYMENT_TARGET = 18.4;
				MACOSX_DEPLOYMENT_TARGET = 15.4;
				MARKETING_VERSION = 1.0;
				PRODUCT_BUNDLE_IDENTIFIER = com.arbenterprise.PurgoTests;
				PRODUCT_NAME = "$(TARGET_NAME)";
				SDKROOT = auto;
				SUPPORTED_PLATFORMS = "iphoneos iphonesimulator macosx xros xrsimulator";
				SWIFT_EMIT_LOC_STRINGS = NO;
				SWIFT_VERSION = 5.0;
				TARGETED_DEVICE_FAMILY = "1,2,7";
				TEST_HOST = "$(BUILT_PRODUCTS_DIR)/Purgo.app/$(BUNDLE_EXECUTABLE_FOLDER_PATH)/Purgo";
				XROS_DEPLOYMENT_TARGET = 2.4;
			};
			name = Release;
		};
		31DED19D2E600662001DBBB9 /* Debug */ = {
			isa = XCBuildConfiguration;
			buildSettings = {
				CODE_SIGN_STYLE = Automatic;
				CURRENT_PROJECT_VERSION = 1;
				DEVELOPMENT_TEAM = SGGTQLJURG;
				GENERATE_INFOPLIST_FILE = YES;
				IPHONEOS_DEPLOYMENT_TARGET = 18.4;
				MACOSX_DEPLOYMENT_TARGET = 15.4;
				MARKETING_VERSION = 1.0;
				PRODUCT_BUNDLE_IDENTIFIER = com.arbenterprise.PurgoUITests;
				PRODUCT_NAME = "$(TARGET_NAME)";
				SDKROOT = auto;
				SUPPORTED_PLATFORMS = "iphoneos iphonesimulator macosx xros xrsimulator";
				SWIFT_EMIT_LOC_STRINGS = NO;
				SWIFT_VERSION = 5.0;
				TARGETED_DEVICE_FAMILY = "1,2,7";
				TEST_TARGET_NAME = Purgo;
				XROS_DEPLOYMENT_TARGET = 2.4;
			};
			name = Debug;
		};
		31DED19E2E600662001DBBB9 /* Release */ = {
			isa = XCBuildConfiguration;
			buildSettings = {
				CODE_SIGN_STYLE = Automatic;
				CURRENT_PROJECT_VERSION = 1;
				DEVELOPMENT_TEAM = SGGTQLJURG;
				GENERATE_INFOPLIST_FILE = YES;
				IPHONEOS_DEPLOYMENT_TARGET = 18.4;
				MACOSX_DEPLOYMENT_TARGET = 15.4;
				MARKETING_VERSION = 1.0;
				PRODUCT_BUNDLE_IDENTIFIER = com.arbenterprise.PurgoUITests;
				PRODUCT_NAME = "$(TARGET_NAME)";
				SDKROOT = auto;
				SUPPORTED_PLATFORMS = "iphoneos iphonesimulator macosx xros xrsimulator";
				SWIFT_EMIT_LOC_STRINGS = NO;
				SWIFT_VERSION = 5.0;
				TARGETED_DEVICE_FAMILY = "1,2,7";
				TEST_TARGET_NAME = Purgo;
				XROS_DEPLOYMENT_TARGET = 2.4;
			};
			name = Release;
		};
		31DED1DF2E600E8E001DBBB9 /* Debug */ = {
			isa = XCBuildConfiguration;
			buildSettings = {
				ASSETCATALOG_COMPILER_GLOBAL_ACCENT_COLOR_NAME = AccentColor;
				ASSETCATALOG_COMPILER_WIDGET_BACKGROUND_COLOR_NAME = WidgetBackground;
				CODE_SIGN_STYLE = Automatic;
				CURRENT_PROJECT_VERSION = 1;
				DEVELOPMENT_TEAM = SGGTQLJURG;
				GENERATE_INFOPLIST_FILE = YES;
				INFOPLIST_FILE = PurgoWidgets/Info.plist;
				INFOPLIST_KEY_CFBundleDisplayName = PurgoWidgets;
				INFOPLIST_KEY_NSHumanReadableCopyright = "";
				IPHONEOS_DEPLOYMENT_TARGET = 18.4;
				LD_RUNPATH_SEARCH_PATHS = (
					"$(inherited)",
					"@executable_path/Frameworks",
					"@executable_path/../../Frameworks",
				);
				MARKETING_VERSION = 1.0;
				PRODUCT_BUNDLE_IDENTIFIER = com.arbenterprise.Purgo.PurgoWidgets;
				PRODUCT_NAME = "$(TARGET_NAME)";
				SDKROOT = iphoneos;
				SKIP_INSTALL = YES;
				SWIFT_EMIT_LOC_STRINGS = YES;
				SWIFT_VERSION = 5.0;
				TARGETED_DEVICE_FAMILY = "1,2";
			};
			name = Debug;
		};
		31DED1E02E600E8E001DBBB9 /* Release */ = {
			isa = XCBuildConfiguration;
			buildSettings = {
				ASSETCATALOG_COMPILER_GLOBAL_ACCENT_COLOR_NAME = AccentColor;
				ASSETCATALOG_COMPILER_WIDGET_BACKGROUND_COLOR_NAME = WidgetBackground;
				CODE_SIGN_STYLE = Automatic;
				CURRENT_PROJECT_VERSION = 1;
				DEVELOPMENT_TEAM = SGGTQLJURG;
				GENERATE_INFOPLIST_FILE = YES;
				INFOPLIST_FILE = PurgoWidgets/Info.plist;
				INFOPLIST_KEY_CFBundleDisplayName = PurgoWidgets;
				INFOPLIST_KEY_NSHumanReadableCopyright = "";
				IPHONEOS_DEPLOYMENT_TARGET = 18.4;
				LD_RUNPATH_SEARCH_PATHS = (
					"$(inherited)",
					"@executable_path/Frameworks",
					"@executable_path/../../Frameworks",
				);
				MARKETING_VERSION = 1.0;
				PRODUCT_BUNDLE_IDENTIFIER = com.arbenterprise.Purgo.PurgoWidgets;
				PRODUCT_NAME = "$(TARGET_NAME)";
				SDKROOT = iphoneos;
				SKIP_INSTALL = YES;
				SWIFT_EMIT_LOC_STRINGS = YES;
				SWIFT_VERSION = 5.0;
				TARGETED_DEVICE_FAMILY = "1,2";
				VALIDATE_PRODUCT = YES;
			};
			name = Release;
		};
/* End XCBuildConfiguration section */

/* Begin XCConfigurationList section */
		31DED16F2E600661001DBBB9 /* Build configuration list for PBXProject "Purgo" */ = {
			isa = XCConfigurationList;
			buildConfigurations = (
				31DED1942E600662001DBBB9 /* Debug */,
				31DED1952E600662001DBBB9 /* Release */,
			);
			defaultConfigurationIsVisible = 0;
			defaultConfigurationName = Release;
		};
		31DED1962E600662001DBBB9 /* Build configuration list for PBXNativeTarget "Purgo" */ = {
			isa = XCConfigurationList;
			buildConfigurations = (
				31DED1972E600662001DBBB9 /* Debug */,
				31DED1982E600662001DBBB9 /* Release */,
			);
			defaultConfigurationIsVisible = 0;
			defaultConfigurationName = Release;
		};
		31DED1992E600662001DBBB9 /* Build configuration list for PBXNativeTarget "PurgoTests" */ = {
			isa = XCConfigurationList;
			buildConfigurations = (
				31DED19A2E600662001DBBB9 /* Debug */,
				31DED19B2E600662001DBBB9 /* Release */,
			);
			defaultConfigurationIsVisible = 0;
			defaultConfigurationName = Release;
		};
		31DED19C2E600662001DBBB9 /* Build configuration list for PBXNativeTarget "PurgoUITests" */ = {
			isa = XCConfigurationList;
			buildConfigurations = (
				31DED19D2E600662001DBBB9 /* Debug */,
				31DED19E2E600662001DBBB9 /* Release */,
			);
			defaultConfigurationIsVisible = 0;
			defaultConfigurationName = Release;
		};
		31DED1DE2E600E8E001DBBB9 /* Build configuration list for PBXNativeTarget "PurgoWidgetsExtension" */ = {
			isa = XCConfigurationList;
			buildConfigurations = (
				31DED1DF2E600E8E001DBBB9 /* Debug */,
				31DED1E02E600E8E001DBBB9 /* Release */,
			);
			defaultConfigurationIsVisible = 0;
			defaultConfigurationName = Release;
		};
/* End XCConfigurationList section */

/* Begin XCRemoteSwiftPackageReference section */
		3128497F2E6806B200554BD1 /* XCRemoteSwiftPackageReference "firebase-ios-sdk" */ = {
			isa = XCRemoteSwiftPackageReference;
			repositoryURL = "https://github.com/firebase/firebase-ios-sdk";
			requirement = {
				kind = upToNextMajorVersion;
				minimumVersion = 12.2.0;
			};
		};
		312849802E6806CE00554BD1 /* XCRemoteSwiftPackageReference "GoogleSignIn-iOS" */ = {
			isa = XCRemoteSwiftPackageReference;
			repositoryURL = "https://github.com/google/GoogleSignIn-iOS";
			requirement = {
				kind = upToNextMajorVersion;
				minimumVersion = 9.0.0;
			};
		};
/* End XCRemoteSwiftPackageReference section */

/* Begin XCSwiftPackageProductDependency section */
		312849832E680C5400554BD1 /* FirebaseAnalytics */ = {
			isa = XCSwiftPackageProductDependency;
			package = 3128497F2E6806B200554BD1 /* XCRemoteSwiftPackageReference "firebase-ios-sdk" */;
			productName = FirebaseAnalytics;
		};
		312849852E680C5400554BD1 /* FirebaseAuth */ = {
			isa = XCSwiftPackageProductDependency;
			package = 3128497F2E6806B200554BD1 /* XCRemoteSwiftPackageReference "firebase-ios-sdk" */;
			productName = FirebaseAuth;
		};
		312849872E680C5400554BD1 /* FirebaseDatabase */ = {
			isa = XCSwiftPackageProductDependency;
			package = 3128497F2E6806B200554BD1 /* XCRemoteSwiftPackageReference "firebase-ios-sdk" */;
			productName = FirebaseDatabase;
		};
		312849892E680CDF00554BD1 /* FirebaseCore */ = {
			isa = XCSwiftPackageProductDependency;
			package = 3128497F2E6806B200554BD1 /* XCRemoteSwiftPackageReference "firebase-ios-sdk" */;
			productName = FirebaseCore;
		};
		3128498B2E680CF000554BD1 /* GoogleSignIn */ = {
			isa = XCSwiftPackageProductDependency;
			package = 312849802E6806CE00554BD1 /* XCRemoteSwiftPackageReference "GoogleSignIn-iOS" */;
			productName = GoogleSignIn;
		};
		3128498D2E680CF000554BD1 /* GoogleSignInSwift */ = {
			isa = XCSwiftPackageProductDependency;
			package = 312849802E6806CE00554BD1 /* XCRemoteSwiftPackageReference "GoogleSignIn-iOS" */;
			productName = GoogleSignInSwift;
		};
		3128498F2E680D5000554BD1 /* FirebaseFirestore */ = {
			isa = XCSwiftPackageProductDependency;
			package = 3128497F2E6806B200554BD1 /* XCRemoteSwiftPackageReference "firebase-ios-sdk" */;
			productName = FirebaseFirestore;
		};
		312849912E6E2D7700554BD1 /* FirebaseStorage */ = {
			isa = XCSwiftPackageProductDependency;
			package = 3128497F2E6806B200554BD1 /* XCRemoteSwiftPackageReference "firebase-ios-sdk" */;
			productName = FirebaseStorage;
		};
		312849932E6E339000554BD1 /* FirebaseMessaging */ = {
			isa = XCSwiftPackageProductDependency;
			package = 3128497F2E6806B200554BD1 /* XCRemoteSwiftPackageReference "firebase-ios-sdk" */;
			productName = FirebaseMessaging;
		};
/* End XCSwiftPackageProductDependency section */
	};
	rootObject = 31DED16C2E600661001DBBB9 /* Project object */;
}
